%7B%0A%20%20%22name%22%3A%20%22facebook-access-token%22%2C%0A%20%20%22version%22%3A%20%221.0.0%22%2C%0A%20%20%22lockfileVersion%22%3A%201%2C%0A%20%20%22requires%22%3A%20true%2C%0A%20%20%22dependencies%22%3A%20%7B%0A%20%20%20%20%22accepts%22%3A%20%7B%0A%20%20%20%20%20%20%22version%22%3A%20%221.3.5%22%2C%0A%20%20%20%20%20%20%22resolved%22%3A%20%22https%3A%2F%2Fregistry.npmjs.org%2Faccepts%2F-%2Faccepts-1.3.5.tgz%22%2C%0A%20%20%20%20%20%20%22integrity%22%3A%20%22sha1-63d99gEXI6OxTopywIBcjoZ0a9I%3D%22%2C%0A%20%20%20%20%20%20%22requires%22%3A%20%7B%0A%20%20%20%20%20%20%20%20%22mime-types%22%3A%20%22~2.1.18%22%2C%0A%20%20%20%20%20%20%20%20%22negotiator%22%3A%20%220.6.1%22%0A%20%20%20%20%20%20%7D%0A%20%20%20%20%7D%2C%0A%20%20%20%20%22array-flatten%22%3A%20%7B%0A%20%20%20%20%20%20%22version%22%3A%20%221.1.1%22%2C%0A%20%20%20%20%20%20%22resolved%22%3A%20%22https%3A%2F%2Fregistry.npmjs.org%2Farray-flatten%2F-%2Farray-flatten-1.1.1.tgz%22%2C%0A%20%20%20%20%20%20%22integrity%22%3A%20%22sha1-ml9pkFGx5wczKPKgCJaLZOopVdI%3D%22%0A%20%20%20%20%7D%2C%0A%20%20%20%20%22axios-proxy-fix%22%3A%20%7B%0A%20%20%20%20%20%20%22version%22%3A%20%220.16.3%22%2C%0A%20%20%20%20%20%20%22resolved%22%3A%20%22https%3A%2F%2Fregistry.npmjs.org%2Faxios-proxy-fix%2F-%2Faxios-proxy-fix-0.16.3.tgz%22%2C%0A%20%20%20%20%20%20%22integrity%22%3A%20%22sha512-dLRTjqYW7A9kuqh3aiFjvQrBSQipVwsHFV401MdQb2JhQS9rAobAMhME2GxZXNXDblWRGCVfW%2FLdoHUXrPFBRg%3D%3D%22%2C%0A%20%20%20%20%20%20%22requires%22%3A%20%7B%0A%20%20%20%20%20%20%20%20%22follow-redirects%22%3A%20%22%5E1.2.3%22%2C%0A%20%20%20%20%20%20%20%20%22is-buffer%22%3A%20%22%5E1.1.5%22%0A%20%20%20%20%20%20%7D%0A%20%20%20%20%7D%2C%0A%20%20%20%20%22body-parser%22%3A%20%7B%0A%20%20%20%20%20%20%22version%22%3A%20%221.18.3%22%2C%0A%20%20%20%20%20%20%22resolved%22%3A%20%22https%3A%2F%2Fregistry.npmjs.org%2Fbody-parser%2F-%2Fbody-parser-1.18.3.tgz%22%2C%0A%20%20%20%20%20%20%22integrity%22%3A%20%22sha1-WykhmP%2FdVTs6DyDe0FkrlWlVyLQ%3D%22%2C%0A%20%20%20%20%20%20%22requires%22%3A%20%7B%0A%20%20%20%20%20%20%20%20%22bytes%22%3A%20%223.0.0%22%2C%0A%20%20%20%20%20%20%20%20%22content-type%22%3A%20%22~1.0.4%22%2C%0A%20%20%20%20%20%20%20%20%22debug%22%3A%20%222.6.9%22%2C%0A%20%20%20%20%20%20%20%20%22depd%22%3A%20%22~1.1.2%22%2C%0A%20%20%20%20%20%20%20%20%22http-errors%22%3A%20%22~1.6.3%22%2C%0A%20%20%20%20%20%20%20%20%22iconv-lite%22%3A%20%220.4.23%22%2C%0A%20%20%20%20%20%20%20%20%22on-finished%22%3A%20%22~2.3.0%22%2C%0A%20%20%20%20%20%20%20%20%22qs%22%3A%20%226.5.2%22%2C%0A%20%20%20%20%20%20%20%20%22raw-body%22%3A%20%222.3.3%22%2C%0A%20%20%20%20%20%20%20%20%22type-is%22%3A%20%22~1.6.16%22%0A%20%20%20%20%20%20%7D%2C%0A%20%20%20%20%20%20%22dependencies%22%3A%20%7B%0A%20%20%20%20%20%20%20%20%22debug%22%3A%20%7B%0A%20%20%20%20%20%20%20%20%20%20%22version%22%3A%20%222.6.9%22%2C%0A%20%20%20%20%20%20%20%20%20%20%22resolved%22%3A%20%22https%3A%2F%2Fregistry.npmjs.org%2Fdebug%2F-%2Fdebug-2.6.9.tgz%22%2C%0A%20%20%20%20%20%20%20%20%20%20%22integrity%22%3A%20%22sha512-bC7ElrdJaJnPbAP%2B1EotYvqZsb3ecl5wi6Bfi6BJTUcNowp6cvspg0jXznRTKDjm%2FE7AdgFBVeAPVMNcKGsHMA%3D%3D%22%2C%0A%20%20%20%20%20%20%20%20%20%20%22requires%22%3A%20%7B%0A%20%20%20%20%20%20%20%20%20%20%20%20%22ms%22%3A%20%222.0.0%22%0A%20%20%20%20%20%20%20%20%20%20%7D%0A%20%20%20%20%20%20%20%20%7D%2C%0A%20%20%20%20%20%20%20%20%22ms%22%3A%20%7B%0A%20%20%20%20%20%20%20%20%20%20%22version%22%3A%20%222.0.0%22%2C%0A%20%20%20%20%20%20%20%20%20%20%22resolved%22%3A%20%22https%3A%2F%2Fregistry.npmjs.org%2Fms%2F-%2Fms-2.0.0.tgz%22%2C%0A%20%20%20%20%20%20%20%20%20%20%22integrity%22%3A%20%22sha1-VgiurfwAvmwpAd9fmGF4jeDVl8g%3D%22%0A%20%20%20%20%20%20%20%20%7D%0A%20%20%20%20%20%20%7D%0A%20%20%20%20%7D%2C%0A%20%20%20%20%22bytes%22%3A%20%7B%0A%20%20%20%20%20%20%22version%22%3A%20%223.0.0%22%2C%0A%20%20%20%20%20%20%22resolved%22%3A%20%22https%3A%2F%2Fregistry.npmjs.org%2Fbytes%2F-%2Fbytes-3.0.0.tgz%22%2C%0A%20%20%20%20%20%20%22integrity%22%3A%20%22sha1-0ygVQE1olpn4Wk6k%2BodV3ROpYEg%3D%22%0A%20%20%20%20%7D%2C%0A%20%20%20%20%22content-disposition%22%3A%20%7B%0A%20%20%20%20%20%20%22version%22%3A%20%220.5.2%22%2C%0A%20%20%20%20%20%20%22resolved%22%3A%20%22https%3A%2F%2Fregistry.npmjs.org%2Fcontent-disposition%2F-%2Fcontent-disposition-0.5.2.tgz%22%2C%0A%20%20%20%20%20%20%22integrity%22%3A%20%22sha1-DPaLud318r55YcOoUXjLhdunjLQ%3D%22%0A%20%20%20%20%7D%2C%0A%20%20%20%20%22content-type%22%3A%20%7B%0A%20%20%20%20%20%20%22version%22%3A%20%221.0.4%22%2C%0A%20%20%20%20%20%20%22resolved%22%3A%20%22https%3A%2F%2Fregistry.npmjs.org%2Fcontent-type%2F-%2Fcontent-type-1.0.4.tgz%22%2C%0A%20%20%20%20%20%20%22integrity%22%3A%20%22sha512-hIP3EEPs8tB9AT1L%2BNUqtwOAps4mk2Zob89MWXMHjHWg9milF%2Fj4osnnQLXBCBFBk%2FtvIG%2FtUc9mOUJiPBhPXA%3D%3D%22%0A%20%20%20%20%7D%2C%0A%20%20%20%20%22cookie%22%3A%20%7B%0A%20%20%20%20%20%20%22version%22%3A%20%220.3.1%22%2C%0A%20%20%20%20%20%20%22resolved%22%3A%20%22https%3A%2F%2Fregistry.npmjs.org%2Fcookie%2F-%2Fcookie-0.3.1.tgz%22%2C%0A%20%20%20%20%20%20%22integrity%22%3A%20%22sha1-5%2BCh%2Be9DtMi6klxcWpboBtFoc7s%3D%22%0A%20%20%20%20%7D%2C%0A%20%20%20%20%22cookie-signature%22%3A%20%7B%0A%20%20%20%20%20%20%22version%22%3A%20%221.0.6%22%2C%0A%20%20%20%20%20%20%22resolved%22%3A%20%22https%3A%2F%2Fregistry.npmjs.org%2Fcookie-signature%2F-%2Fcookie-signature-1.0.6.tgz%22%2C%0A%20%20%20%20%20%20%22integrity%22%3A%20%22sha1-4wOogrNCzD7oylE6eZmXNNqzriw%3D%22%0A%20%20%20%20%7D%2C%0A%20%20%20%20%22debug%22%3A%20%7B%0A%20%20%20%20%20%20%22version%22%3A%20%223.2.6%22%2C%0A%20%20%20%20%20%20%22resolved%22%3A%20%22https%3A%2F%2Fregistry.npmjs.org%2Fdebug%2F-%2Fdebug-3.2.6.tgz%22%2C%0A%20%20%20%20%20%20%22integrity%22%3A%20%22sha512-mel%2Bjf7nrtEl5Pn1Qx46zARXKDpBbvzezse7p7LqINmdoIk8PYP5SySaxEmYv6TZ0JyEKA1hsCId6DIhgITtWQ%3D%3D%22%2C%0A%20%20%20%20%20%20%22requires%22%3A%20%7B%0A%20%20%20%20%20%20%20%20%22ms%22%3A%20%22%5E2.1.1%22%0A%20%20%20%20%20%20%7D%0A%20%20%20%20%7D%2C%0A%20%20%20%20%22depd%22%3A%20%7B%0A%20%20%20%20%20%20%22version%22%3A%20%221.1.2%22%2C%0A%20%20%20%20%20%20%22resolved%22%3A%20%22https%3A%2F%2Fregistry.npmjs.org%2Fdepd%2F-%2Fdepd-1.1.2.tgz%22%2C%0A%20%20%20%20%20%20%22integrity%22%3A%20%22sha1-m81S4UwJd2PnSbJ0xDRu0uVgtak%3D%22%0A%20%20%20%20%7D%2C%0A%20%20%20%20%22destroy%22%3A%20%7B%0A%20%20%20%20%20%20%22version%22%3A%20%221.0.4%22%2C%0A%20%20%20%20%20%20%22resolved%22%3A%20%22https%3A%2F%2Fregistry.npmjs.org%2Fdestroy%2F-%2Fdestroy-1.0.4.tgz%22%2C%0A%20%20%20%20%20%20%22integrity%22%3A%20%22sha1-l4hXRCxEdJ5CBmE%2BN5RiBYJqvYA%3D%22%0A%20%20%20%20%7D%2C%0A%20%20%20%20%22ee-first%22%3A%20%7B%0A%20%20%20%20%20%20%22version%22%3A%20%221.1.1%22%2C%0A%20%20%20%20%20%20%22resolved%22%3A%20%22https%3A%2F%2Fregistry.npmjs.org%2Fee-first%2F-%2Fee-first-1.1.1.tgz%22%2C%0A%20%20%20%20%20%20%22integrity%22%3A%20%22sha1-WQxhFWsK4vTwJVcyoViyZrxWsh0%3D%22%0A%20%20%20%20%7D%2C%0A%20%20%20%20%22encodeurl%22%3A%20%7B%0A%20%20%20%20%20%20%22version%22%3A%20%221.0.2%22%2C%0A%20%20%20%20%20%20%22resolved%22%3A%20%22https%3A%2F%2Fregistry.npmjs.org%2Fencodeurl%2F-%2Fencodeurl-1.0.2.tgz%22%2C%0A%20%20%20%20%20%20%22integrity%22%3A%20%22sha1-rT%2F0yG7C0CkyL1oCw6mmBslbP1k%3D%22%0A%20%20%20%20%7D%2C%0A%20%20%20%20%22escape-html%22%3A%20%7B%0A%20%20%20%20%20%20%22version%22%3A%20%221.0.3%22%2C%0A%20%20%20%20%20%20%22resolved%22%3A%20%22https%3A%2F%2Fregistry.npmjs.org%2Fescape-html%2F-%2Fescape-html-1.0.3.tgz%22%2C%0A%20%20%20%20%20%20%22integrity%22%3A%20%22sha1-Aljq5NPQwJdN4cFpGI7wBR0dGYg%3D%22%0A%20%20%20%20%7D%2C%0A%20%20%20%20%22etag%22%3A%20%7B%0A%20%20%20%20%20%20%22version%22%3A%20%221.8.1%22%2C%0A%20%20%20%20%20%20%22resolved%22%3A%20%22https%3A%2F%2Fregistry.npmjs.org%2Fetag%2F-%2Fetag-1.8.1.tgz%22%2C%0A%20%20%20%20%20%20%22integrity%22%3A%20%22sha1-Qa4u62XvpiJorr%2Fqg6x9eSmbCIc%3D%22%0A%20%20%20%20%7D%2C%0A%20%20%20%20%22express%22%3A%20%7B%0A%20%20%20%20%20%20%22version%22%3A%20%224.16.4%22%2C%0A%20%20%20%20%20%20%22resolved%22%3A%20%22https%3A%2F%2Fregistry.npmjs.org%2Fexpress%2F-%2Fexpress-4.16.4.tgz%22%2C%0A%20%20%20%20%20%20%22integrity%22%3A%20%22sha512-j12Uuyb4FMrd%2FqQAm6uCHAkPtO8FDTRJZBDd5D2KOL2eLaz1yUNdUB%2FNOIyq0iU4q4cFarsUCrnFDPBcnksuOg%3D%3D%22%2C%0A%20%20%20%20%20%20%22requires%22%3A%20%7B%0A%20%20%20%20%20%20%20%20%22accepts%22%3A%20%22~1.3.5%22%2C%0A%20%20%20%20%20%20%20%20%22array-flatten%22%3A%20%221.1.1%22%2C%0A%20%20%20%20%20%20%20%20%22body-parser%22%3A%20%221.18.3%22%2C%0A%20%20%20%20%20%20%20%20%22content-disposition%22%3A%20%220.5.2%22%2C%0A%20%20%20%20%20%20%20%20%22content-type%22%3A%20%22~1.0.4%22%2C%0A%20%20%20%20%20%20%20%20%22cookie%22%3A%20%220.3.1%22%2C%0A%20%20%20%20%20%20%20%20%22cookie-signature%22%3A%20%221.0.6%22%2C%0A%20%20%20%20%20%20%20%20%22debug%22%3A%20%222.6.9%22%2C%0A%20%20%20%20%20%20%20%20%22depd%22%3A%20%22~1.1.2%22%2C%0A%20%20%20%20%20%20%20%20%22encodeurl%22%3A%20%22~1.0.2%22%2C%0A%20%20%20%20%20%20%20%20%22escape-html%22%3A%20%22~1.0.3%22%2C%0A%20%20%20%20%20%20%20%20%22etag%22%3A%20%22~1.8.1%22%2C%0A%20%20%20%20%20%20%20%20%22finalhandler%22%3A%20%221.1.1%22%2C%0A%20%20%20%20%20%20%20%20%22fresh%22%3A%20%220.5.2%22%2C%0A%20%20%20%20%20%20%20%20%22merge-descriptors%22%3A%20%221.0.1%22%2C%0A%20%20%20%20%20%20%20%20%22methods%22%3A%20%22~1.1.2%22%2C%0A%20%20%20%20%20%20%20%20%22on-finished%22%3A%20%22~2.3.0%22%2C%0A%20%20%20%20%20%20%20%20%22parseurl%22%3A%20%22~1.3.2%22%2C%0A%20%20%20%20%20%20%20%20%22path-to-regexp%22%3A%20%220.1.7%22%2C%0A%20%20%20%20%20%20%20%20%22proxy-addr%22%3A%20%22~2.0.4%22%2C%0A%20%20%20%20%20%20%20%20%22qs%22%3A%20%226.5.2%22%2C%0A%20%20%20%20%20%20%20%20%22range-parser%22%3A%20%22~1.2.0%22%2C%0A%20%20%20%20%20%20%20%20%22safe-buffer%22%3A%20%225.1.2%22%2C%0A%20%20%20%20%20%20%20%20%22send%22%3A%20%220.16.2%22%2C%0A%20%20%20%20%20%20%20%20%22serve-static%22%3A%20%221.13.2%22%2C%0A%20%20%20%20%20%20%20%20%22setprototypeof%22%3A%20%221.1.0%22%2C%0A%20%20%20%20%20%20%20%20%22statuses%22%3A%20%22~1.4.0%22%2C%0A%20%20%20%20%20%20%20%20%22type-is%22%3A%20%22~1.6.16%22%2C%0A%20%20%20%20%20%20%20%20%22utils-merge%22%3A%20%221.0.1%22%2C%0A%20%20%20%20%20%20%20%20%22vary%22%3A%20%22~1.1.2%22%0A%20%20%20%20%20%20%7D%2C%0A%20%20%20%20%20%20%22dependencies%22%3A%20%7B%0A%20%20%20%20%20%20%20%20%22debug%22%3A%20%7B%0A%20%20%20%20%20%20%20%20%20%20%22version%22%3A%20%222.6.9%22%2C%0A%20%20%20%20%20%20%20%20%20%20%22resolved%22%3A%20%22https%3A%2F%2Fregistry.npmjs.org%2Fdebug%2F-%2Fdebug-2.6.9.tgz%22%2C%0A%20%20%20%20%20%20%20%20%20%20%22integrity%22%3A%20%22sha512-bC7ElrdJaJnPbAP%2B1EotYvqZsb3ecl5wi6Bfi6BJTUcNowp6cvspg0jXznRTKDjm%2FE7AdgFBVeAPVMNcKGsHMA%3D%3D%22%2C%0A%20%20%20%20%20%20%20%20%20%20%22requires%22%3A%20%7B%0A%20%20%20%20%20%20%20%20%20%20%20%20%22ms%22%3A%20%222.0.0%22%0A%20%20%20%20%20%20%20%20%20%20%7D%0A%20%20%20%20%20%20%20%20%7D%2C%0A%20%20%20%20%20%20%20%20%22ms%22%3A%20%7B%0A%20%20%20%20%20%20%20%20%20%20%22version%22%3A%20%222.0.0%22%2C%0A%20%20%20%20%20%20%20%20%20%20%22resolved%22%3A%20%22https%3A%2F%2Fregistry.npmjs.org%2Fms%2F-%2Fms-2.0.0.tgz%22%2C%0A%20%20%20%20%20%20%20%20%20%20%22integrity%22%3A%20%22sha1-VgiurfwAvmwpAd9fmGF4jeDVl8g%3D%22%0A%20%20%20%20%20%20%20%20%7D%0A%20%20%20%20%20%20%7D%0A%20%20%20%20%7D%2C%0A%20%20%20%20%22finalhandler%22%3A%20%7B%0A%20%20%20%20%20%20%22version%22%3A%20%221.1.1%22%2C%0A%20%20%20%20%20%20%22resolved%22%3A%20%22https%3A%2F%2Fregistry.npmjs.org%2Ffinalhandler%2F-%2Ffinalhandler-1.1.1.tgz%22%2C%0A%20%20%20%20%20%20%22integrity%22%3A%20%22sha512-Y1GUDo39ez4aHAw7MysnUD5JzYX%2BWaIj8I57kO3aEPT1fFRL4sr7mjei97FgnwhAyyzRYmQZaTHb2%2B9uZ1dPtg%3D%3D%22%2C%0A%20%20%20%20%20%20%22requires%22%3A%20%7B%0A%20%20%20%20%20%20%20%20%22debug%22%3A%20%222.6.9%22%2C%0A%20%20%20%20%20%20%20%20%22encodeurl%22%3A%20%22~1.0.2%22%2C%0A%20%20%20%20%20%20%20%20%22escape-html%22%3A%20%22~1.0.3%22%2C%0A%20%20%20%20%20%20%20%20%22on-finished%22%3A%20%22~2.3.0%22%2C%0A%20%20%20%20%20%20%20%20%22parseurl%22%3A%20%22~1.3.2%22%2C%0A%20%20%20%20%20%20%20%20%22statuses%22%3A%20%22~1.4.0%22%2C%0A%20%20%20%20%20%20%20%20%22unpipe%22%3A%20%22~1.0.0%22%0A%20%20%20%20%20%20%7D%2C%0A%20%20%20%20%20%20%22dependencies%22%3A%20%7B%0A%20%20%20%20%20%20%20%20%22debug%22%3A%20%7B%0A%20%20%20%20%20%20%20%20%20%20%22version%22%3A%20%222.6.9%22%2C%0A%20%20%20%20%20%20%20%20%20%20%22resolved%22%3A%20%22https%3A%2F%2Fregistry.npmjs.org%2Fdebug%2F-%2Fdebug-2.6.9.tgz%22%2C%0A%20%20%20%20%20%20%20%20%20%20%22integrity%22%3A%20%22sha512-bC7ElrdJaJnPbAP%2B1EotYvqZsb3ecl5wi6Bfi6BJTUcNowp6cvspg0jXznRTKDjm%2FE7AdgFBVeAPVMNcKGsHMA%3D%3D%22%2C%0A%20%20%20%20%20%20%20%20%20%20%22requires%22%3A%20%7B%0A%20%20%20%20%20%20%20%20%20%20%20%20%22ms%22%3A%20%222.0.0%22%0A%20%20%20%20%20%20%20%20%20%20%7D%0A%20%20%20%20%20%20%20%20%7D%2C%0A%20%20%20%20%20%20%20%20%22ms%22%3A%20%7B%0A%20%20%20%20%20%20%20%20%20%20%22version%22%3A%20%222.0.0%22%2C%0A%20%20%20%20%20%20%20%20%20%20%22resolved%22%3A%20%22https%3A%2F%2Fregistry.npmjs.org%2Fms%2F-%2Fms-2.0.0.tgz%22%2C%0A%20%20%20%20%20%20%20%20%20%20%22integrity%22%3A%20%22sha1-VgiurfwAvmwpAd9fmGF4jeDVl8g%3D%22%0A%20%20%20%20%20%20%20%20%7D%0A%20%20%20%20%20%20%7D%0A%20%20%20%20%7D%2C%0A%20%20%20%20%22follow-redirects%22%3A%20%7B%0A%20%20%20%20%20%20%22version%22%3A%20%221.7.0%22%2C%0A%20%20%20%20%20%20%22resolved%22%3A%20%22https%3A%2F%2Fregistry.npmjs.org%2Ffollow-redirects%2F-%2Ffollow-redirects-1.7.0.tgz%22%2C%0A%20%20%20%20%20%20%22integrity%22%3A%20%22sha512-m%2FpZQy4Gj287eNy94nivy5wchN3Kp%2BQ5WgUPNy5lJSZ3sgkVKSYV%2FZChMAQVIgx1SqfZ2zBZtPA2YlXIWxxJOQ%3D%3D%22%2C%0A%20%20%20%20%20%20%22requires%22%3A%20%7B%0A%20%20%20%20%20%20%20%20%22debug%22%3A%20%22%5E3.2.6%22%0A%20%20%20%20%20%20%7D%0A%20%20%20%20%7D%2C%0A%20%20%20%20%22forwarded%22%3A%20%7B%0A%20%20%20%20%20%20%22version%22%3A%20%220.1.2%22%2C%0A%20%20%20%20%20%20%22resolved%22%3A%20%22https%3A%2F%2Fregistry.npmjs.org%2Fforwarded%2F-%2Fforwarded-0.1.2.tgz%22%2C%0A%20%20%20%20%20%20%22integrity%22%3A%20%22sha1-mMI9qxF1ZXuMBXPozszZGw%2FxjIQ%3D%22%0A%20%20%20%20%7D%2C%0A%20%20%20%20%22fresh%22%3A%20%7B%0A%20%20%20%20%20%20%22version%22%3A%20%220.5.2%22%2C%0A%20%20%20%20%20%20%22resolved%22%3A%20%22https%3A%2F%2Fregistry.npmjs.org%2Ffresh%2F-%2Ffresh-0.5.2.tgz%22%2C%0A%20%20%20%20%20%20%22integrity%22%3A%20%22sha1-PYyt2Q2XZWn6g1qx%2BOSyOhBWBac%3D%22%0A%20%20%20%20%7D%2C%0A%20%20%20%20%22http-errors%22%3A%20%7B%0A%20%20%20%20%20%20%22version%22%3A%20%221.6.3%22%2C%0A%20%20%20%20%20%20%22resolved%22%3A%20%22https%3A%2F%2Fregistry.npmjs.org%2Fhttp-errors%2F-%2Fhttp-errors-1.6.3.tgz%22%2C%0A%20%20%20%20%20%20%22integrity%22%3A%20%22sha1-i1VoC7S%2BKDoLW%2FTqLjhYC%2BHZMg0%3D%22%2C%0A%20%20%20%20%20%20%22requires%22%3A%20%7B%0A%20%20%20%20%20%20%20%20%22depd%22%3A%20%22~1.1.2%22%2C%0A%20%20%20%20%20%20%20%20%22inherits%22%3A%20%222.0.3%22%2C%0A%20%20%20%20%20%20%20%20%22setprototypeof%22%3A%20%221.1.0%22%2C%0A%20%20%20%20%20%20%20%20%22statuses%22%3A%20%22%3E%3D%201.4.0%20%3C%202%22%0A%20%20%20%20%20%20%7D%0A%20%20%20%20%7D%2C%0A%20%20%20%20%22iconv-lite%22%3A%20%7B%0A%20%20%20%20%20%20%22version%22%3A%20%220.4.23%22%2C%0A%20%20%20%20%20%20%22resolved%22%3A%20%22https%3A%2F%2Fregistry.npmjs.org%2Ficonv-lite%2F-%2Ficonv-lite-0.4.23.tgz%22%2C%0A%20%20%20%20%20%20%22integrity%22%3A%20%22sha512-neyTUVFtahjf0mB3dZT77u%2B8O0QB89jFdnBkd5P1JgYPbPaia3gXXOVL2fq8VyU2gMMD7SaN7QukTB%2FpmXYvDA%3D%3D%22%2C%0A%20%20%20%20%20%20%22requires%22%3A%20%7B%0A%20%20%20%20%20%20%20%20%22safer-buffer%22%3A%20%22%3E%3D%202.1.2%20%3C%203%22%0A%20%20%20%20%20%20%7D%0A%20%20%20%20%7D%2C%0A%20%20%20%20%22inherits%22%3A%20%7B%0A%20%20%20%20%20%20%22version%22%3A%20%222.0.3%22%2C%0A%20%20%20%20%20%20%22resolved%22%3A%20%22https%3A%2F%2Fregistry.npmjs.org%2Finherits%2F-%2Finherits-2.0.3.tgz%22%2C%0A%20%20%20%20%20%20%22integrity%22%3A%20%22sha1-Yzwsg%2BPaQqUC9SRmAiSA9CCCYd4%3D%22%0A%20%20%20%20%7D%2C%0A%20%20%20%20%22ipaddr.js%22%3A%20%7B%0A%20%20%20%20%20%20%22version%22%3A%20%221.8.0%22%2C%0A%20%20%20%20%20%20%22resolved%22%3A%20%22https%3A%2F%2Fregistry.npmjs.org%2Fipaddr.js%2F-%2Fipaddr.js-1.8.0.tgz%22%2C%0A%20%20%20%20%20%20%22integrity%22%3A%20%22sha1-6qM9bd16zo9%2Fb%2BDJygRA5wZzix4%3D%22%0A%20%20%20%20%7D%2C%0A%20%20%20%20%22is-buffer%22%3A%20%7B%0A%20%20%20%20%20%20%22version%22%3A%20%221.1.6%22%2C%0A%20%20%20%20%20%20%22resolved%22%3A%20%22https%3A%2F%2Fregistry.npmjs.org%2Fis-buffer%2F-%2Fis-buffer-1.1.6.tgz%22%2C%0A%20%20%20%20%20%20%22integrity%22%3A%20%22sha512-NcdALwpXkTm5Zvvbk7owOUSvVvBKDgKP5%2FewfXEznmQFfs4ZRmanOeKBTjRVjka3QFoN6XJ%2B9F3USqfHqTaU5w%3D%3D%22%0A%20%20%20%20%7D%2C%0A%20%20%20%20%22media-typer%22%3A%20%7B%0A%20%20%20%20%20%20%22version%22%3A%20%220.3.0%22%2C%0A%20%20%20%20%20%20%22resolved%22%3A%20%22https%3A%2F%2Fregistry.npmjs.org%2Fmedia-typer%2F-%2Fmedia-typer-0.3.0.tgz%22%2C%0A%20%20%20%20%20%20%22integrity%22%3A%20%22sha1-hxDXrwqmJvj%2F%2BhzgAWhUUmMlV0g%3D%22%0A%20%20%20%20%7D%2C%0A%20%20%20%20%22merge-descriptors%22%3A%20%7B%0A%20%20%20%20%20%20%22version%22%3A%20%221.0.1%22%2C%0A%20%20%20%20%20%20%22resolved%22%3A%20%22https%3A%2F%2Fregistry.npmjs.org%2Fmerge-descriptors%2F-%2Fmerge-descriptors-1.0.1.tgz%22%2C%0A%20%20%20%20%20%20%22integrity%22%3A%20%22sha1-sAqqVW3YtEVoFQ7J0blT8%2FkMu2E%3D%22%0A%20%20%20%20%7D%2C%0A%20%20%20%20%22methods%22%3A%20%7B%0A%20%20%20%20%20%20%22version%22%3A%20%221.1.2%22%2C%0A%20%20%20%20%20%20%22resolved%22%3A%20%22https%3A%2F%2Fregistry.npmjs.org%2Fmethods%2F-%2Fmethods-1.1.2.tgz%22%2C%0A%20%20%20%20%20%20%22integrity%22%3A%20%22sha1-VSmk1nZUE07cxSZmVoNbD4Ua%2FO4%3D%22%0A%20%20%20%20%7D%2C%0A%20%20%20%20%22mime%22%3A%20%7B%0A%20%20%20%20%20%20%22version%22%3A%20%221.4.1%22%2C%0A%20%20%20%20%20%20%22resolved%22%3A%20%22https%3A%2F%2Fregistry.npmjs.org%2Fmime%2F-%2Fmime-1.4.1.tgz%22%2C%0A%20%20%20%20%20%20%22integrity%22%3A%20%22sha512-KI1%2BqOZu5DcW6wayYHSzR%2FtXKCDC5Om4s1z2QJjDULzLcmf3DvzS7oluY4HCTrc%2B9FiKmWUgeNLg7W3uIQvxtQ%3D%3D%22%0A%20%20%20%20%7D%2C%0A%20%20%20%20%22mime-db%22%3A%20%7B%0A%20%20%20%20%20%20%22version%22%3A%20%221.38.0%22%2C%0A%20%20%20%20%20%20%22resolved%22%3A%20%22https%3A%2F%2Fregistry.npmjs.org%2Fmime-db%2F-%2Fmime-db-1.38.0.tgz%22%2C%0A%20%20%20%20%20%20%22integrity%22%3A%20%22sha512-bqVioMFFzc2awcdJZIzR3HjZFX20QhilVS7hytkKrv7xFAn8bM1gzc%2FFOX2awLISvWe0PV8ptFKcon%2BwZ5qYkg%3D%3D%22%0A%20%20%20%20%7D%2C%0A%20%20%20%20%22mime-types%22%3A%20%7B%0A%20%20%20%20%20%20%22version%22%3A%20%222.1.22%22%2C%0A%20%20%20%20%20%20%22resolved%22%3A%20%22https%3A%2F%2Fregistry.npmjs.org%2Fmime-types%2F-%2Fmime-types-2.1.22.tgz%22%2C%0A%20%20%20%20%20%20%22integrity%22%3A%20%22sha512-aGl6TZGnhm%2Fli6F7yx82bJiBZwgiEa4Hf6CNr8YO%2Br5UHr53tSTYZb102zyU50DOWWKeOv0uQLRL0%2F9EiKWCog%3D%3D%22%2C%0A%20%20%20%20%20%20%22requires%22%3A%20%7B%0A%20%20%20%20%20%20%20%20%22mime-db%22%3A%20%22~1.38.0%22%0A%20%20%20%20%20%20%7D%0A%20%20%20%20%7D%2C%0A%20%20%20%20%22ms%22%3A%20%7B%0A%20%20%20%20%20%20%22version%22%3A%20%222.1.1%22%2C%0A%20%20%20%20%20%20%22resolved%22%3A%20%22https%3A%2F%2Fregistry.npmjs.org%2Fms%2F-%2Fms-2.1.1.tgz%22%2C%0A%20%20%20%20%20%20%22integrity%22%3A%20%22sha512-tgp%2Bdl5cGk28utYktBsrFqA7HKgrhgPsg6Z%2FEfhWI4gl1Hwq8B%2FGmY%2F0oXZ6nF8hDVesS%2FFpnYaD%2FkOWhYQvyg%3D%3D%22%0A%20%20%20%20%7D%2C%0A%20%20%20%20%22negotiator%22%3A%20%7B%0A%20%20%20%20%20%20%22version%22%3A%20%220.6.1%22%2C%0A%20%20%20%20%20%20%22resolved%22%3A%20%22https%3A%2F%2Fregistry.npmjs.org%2Fnegotiator%2F-%2Fnegotiator-0.6.1.tgz%22%2C%0A%20%20%20%20%20%20%22integrity%22%3A%20%22sha1-KzJxhOiZIQEXeyhWP7XnECrNDKk%3D%22%0A%20%20%20%20%7D%2C%0A%20%20%20%20%22on-finished%22%3A%20%7B%0A%20%20%20%20%20%20%22version%22%3A%20%222.3.0%22%2C%0A%20%20%20%20%20%20%22resolved%22%3A%20%22https%3A%2F%2Fregistry.npmjs.org%2Fon-finished%2F-%2Fon-finished-2.3.0.tgz%22%2C%0A%20%20%20%20%20%20%22integrity%22%3A%20%22sha1-IPEzZIGwg811M3mSoWlxqi2QaUc%3D%22%2C%0A%20%20%20%20%20%20%22requires%22%3A%20%7B%0A%20%20%20%20%20%20%20%20%22ee-first%22%3A%20%221.1.1%22%0A%20%20%20%20%20%20%7D%0A%20%20%20%20%7D%2C%0A%20%20%20%20%22parseurl%22%3A%20%7B%0A%20%20%20%20%20%20%22version%22%3A%20%221.3.2%22%2C%0A%20%20%20%20%20%20%22resolved%22%3A%20%22https%3A%2F%2Fregistry.npmjs.org%2Fparseurl%2F-%2Fparseurl-1.3.2.tgz%22%2C%0A%20%20%20%20%20%20%22integrity%22%3A%20%22sha1-%2FCidTtiZMRlGDBViUyYs3I3mW%2FM%3D%22%0A%20%20%20%20%7D%2C%0A%20%20%20%20%22path-to-regexp%22%3A%20%7B%0A%20%20%20%20%20%20%22version%22%3A%20%220.1.7%22%2C%0A%20%20%20%20%20%20%22resolved%22%3A%20%22https%3A%2F%2Fregistry.npmjs.org%2Fpath-to-regexp%2F-%2Fpath-to-regexp-0.1.7.tgz%22%2C%0A%20%20%20%20%20%20%22integrity%22%3A%20%22sha1-32BBeABfUi8V60SQ5yR6G%2Fqmf4w%3D%22%0A%20%20%20%20%7D%2C%0A%20%20%20%20%22proxy-addr%22%3A%20%7B%0A%20%20%20%20%20%20%22version%22%3A%20%222.0.4%22%2C%0A%20%20%20%20%20%20%22resolved%22%3A%20%22https%3A%2F%2Fregistry.npmjs.org%2Fproxy-addr%2F-%2Fproxy-addr-2.0.4.tgz%22%2C%0A%20%20%20%20%20%20%22integrity%22%3A%20%22sha512-5erio2h9jp5CHGwcybmxmVqHmnCBZeewlfJ0pex%2BUW7Qny7OOZXTtH56TGNyBizkgiOwhJtMKrVzDTeKcySZwA%3D%3D%22%2C%0A%20%20%20%20%20%20%22requires%22%3A%20%7B%0A%20%20%20%20%20%20%20%20%22forwarded%22%3A%20%22~0.1.2%22%2C%0A%20%20%20%20%20%20%20%20%22ipaddr.js%22%3A%20%221.8.0%22%0A%20%20%20%20%20%20%7D%0A%20%20%20%20%7D%2C%0A%20%20%20%20%22qs%22%3A%20%7B%0A%20%20%20%20%20%20%22version%22%3A%20%226.5.2%22%2C%0A%20%20%20%20%20%20%22resolved%22%3A%20%22https%3A%2F%2Fregistry.npmjs.org%2Fqs%2F-%2Fqs-6.5.2.tgz%22%2C%0A%20%20%20%20%20%20%22integrity%22%3A%20%22sha512-N5ZAX4%2FLxJmF%2B7wN74pUD6qAh9%2FwnvdQcjq9TZjevvXzSUo7bfmw91saqMjzGS2xq91%2FodN2dW%2FWOl7qQHNDGA%3D%3D%22%0A%20%20%20%20%7D%2C%0A%20%20%20%20%22range-parser%22%3A%20%7B%0A%20%20%20%20%20%20%22version%22%3A%20%221.2.0%22%2C%0A%20%20%20%20%20%20%22resolved%22%3A%20%22https%3A%2F%2Fregistry.npmjs.org%2Frange-parser%2F-%2Frange-parser-1.2.0.tgz%22%2C%0A%20%20%20%20%20%20%22integrity%22%3A%20%22sha1-9JvmtIeJTdxA3MlKMi9hEJLgDV4%3D%22%0A%20%20%20%20%7D%2C%0A%20%20%20%20%22raw-body%22%3A%20%7B%0A%20%20%20%20%20%20%22version%22%3A%20%222.3.3%22%2C%0A%20%20%20%20%20%20%22resolved%22%3A%20%22https%3A%2F%2Fregistry.npmjs.org%2Fraw-body%2F-%2Fraw-body-2.3.3.tgz%22%2C%0A%20%20%20%20%20%20%22integrity%22%3A%20%22sha512-9esiElv1BrZoI3rCDuOuKCBRbuApGGaDPQfjSflGxdy4oyzqghxu6klEkkVIvBje%2BFF0BX9coEv8KqW6X%2F7njw%3D%3D%22%2C%0A%20%20%20%20%20%20%22requires%22%3A%20%7B%0A%20%20%20%20%20%20%20%20%22bytes%22%3A%20%223.0.0%22%2C%0A%20%20%20%20%20%20%20%20%22http-errors%22%3A%20%221.6.3%22%2C%0A%20%20%20%20%20%20%20%20%22iconv-lite%22%3A%20%220.4.23%22%2C%0A%20%20%20%20%20%20%20%20%22unpipe%22%3A%20%221.0.0%22%0A%20%20%20%20%20%20%7D%0A%20%20%20%20%7D%2C%0A%20%20%20%20%22safe-buffer%22%3A%20%7B%0A%20%20%20%20%20%20%22version%22%3A%20%225.1.2%22%2C%0A%20%20%20%20%20%20%22resolved%22%3A%20%22https%3A%2F%2Fregistry.npmjs.org%2Fsafe-buffer%2F-%2Fsafe-buffer-5.1.2.tgz%22%2C%0A%20%20%20%20%20%20%22integrity%22%3A%20%22sha512-Gd2UZBJDkXlY7GbJxfsE8%2FnvKkUEU1G38c1siN6QP6a9PT9MmHB8GnpscSmMJSoF8LOIrt8ud%2FwPtojys4G6%2Bg%3D%3D%22%0A%20%20%20%20%7D%2C%0A%20%20%20%20%22safer-buffer%22%3A%20%7B%0A%20%20%20%20%20%20%22version%22%3A%20%222.1.2%22%2C%0A%20%20%20%20%20%20%22resolved%22%3A%20%22https%3A%2F%2Fregistry.npmjs.org%2Fsafer-buffer%2F-%2Fsafer-buffer-2.1.2.tgz%22%2C%0A%20%20%20%20%20%20%22integrity%22%3A%20%22sha512-YZo3K82SD7Riyi0E1EQPojLz7kpepnSQI9IyPbHHg1XXXevb5dJI7tpyN2ADxGcQbHG7vcyRHk0cbwqcQriUtg%3D%3D%22%0A%20%20%20%20%7D%2C%0A%20%20%20%20%22send%22%3A%20%7B%0A%20%20%20%20%20%20%22version%22%3A%20%220.16.2%22%2C%0A%20%20%20%20%20%20%22resolved%22%3A%20%22https%3A%2F%2Fregistry.npmjs.org%2Fsend%2F-%2Fsend-0.16.2.tgz%22%2C%0A%20%20%20%20%20%20%22integrity%22%3A%20%22sha512-E64YFPUssFHEFBvpbbjr44NCLtI1AohxQ8ZSiJjQLskAdKuriYEP6VyGEsRDH8ScozGpkaX1BGvhanqCwkcEZw%3D%3D%22%2C%0A%20%20%20%20%20%20%22requires%22%3A%20%7B%0A%20%20%20%20%20%20%20%20%22debug%22%3A%20%222.6.9%22%2C%0A%20%20%20%20%20%20%20%20%22depd%22%3A%20%22~1.1.2%22%2C%0A%20%20%20%20%20%20%20%20%22destroy%22%3A%20%22~1.0.4%22%2C%0A%20%20%20%20%20%20%20%20%22encodeurl%22%3A%20%22~1.0.2%22%2C%0A%20%20%20%20%20%20%20%20%22escape-html%22%3A%20%22~1.0.3%22%2C%0A%20%20%20%20%20%20%20%20%22etag%22%3A%20%22~1.8.1%22%2C%0A%20%20%20%20%20%20%20%20%22fresh%22%3A%20%220.5.2%22%2C%0A%20%20%20%20%20%20%20%20%22http-errors%22%3A%20%22~1.6.2%22%2C%0A%20%20%20%20%20%20%20%20%22mime%22%3A%20%221.4.1%22%2C%0A%20%20%20%20%20%20%20%20%22ms%22%3A%20%222.0.0%22%2C%0A%20%20%20%20%20%20%20%20%22on-finished%22%3A%20%22~2.3.0%22%2C%0A%20%20%20%20%20%20%20%20%22range-parser%22%3A%20%22~1.2.0%22%2C%0A%20%20%20%20%20%20%20%20%22statuses%22%3A%20%22~1.4.0%22%0A%20%20%20%20%20%20%7D%2C%0A%20%20%20%20%20%20%22dependencies%22%3A%20%7B%0A%20%20%20%20%20%20%20%20%22debug%22%3A%20%7B%0A%20%20%20%20%20%20%20%20%20%20%22version%22%3A%20%222.6.9%22%2C%0A%20%20%20%20%20%20%20%20%20%20%22resolved%22%3A%20%22https%3A%2F%2Fregistry.npmjs.org%2Fdebug%2F-%2Fdebug-2.6.9.tgz%22%2C%0A%20%20%20%20%20%20%20%20%20%20%22integrity%22%3A%20%22sha512-bC7ElrdJaJnPbAP%2B1EotYvqZsb3ecl5wi6Bfi6BJTUcNowp6cvspg0jXznRTKDjm%2FE7AdgFBVeAPVMNcKGsHMA%3D%3D%22%2C%0A%20%20%20%20%20%20%20%20%20%20%22requires%22%3A%20%7B%0A%20%20%20%20%20%20%20%20%20%20%20%20%22ms%22%3A%20%222.0.0%22%0A%20%20%20%20%20%20%20%20%20%20%7D%0A%20%20%20%20%20%20%20%20%7D%2C%0A%20%20%20%20%20%20%20%20%22ms%22%3A%20%7B%0A%20%20%20%20%20%20%20%20%20%20%22version%22%3A%20%222.0.0%22%2C%0A%20%20%20%20%20%20%20%20%20%20%22resolved%22%3A%20%22https%3A%2F%2Fregistry.npmjs.org%2Fms%2F-%2Fms-2.0.0.tgz%22%2C%0A%20%20%20%20%20%20%20%20%20%20%22integrity%22%3A%20%22sha1-VgiurfwAvmwpAd9fmGF4jeDVl8g%3D%22%0A%20%20%20%20%20%20%20%20%7D%0A%20%20%20%20%20%20%7D%0A%20%20%20%20%7D%2C%0A%20%20%20%20%22serve-static%22%3A%20%7B%0A%20%20%20%20%20%20%22version%22%3A%20%221.13.2%22%2C%0A%20%20%20%20%20%20%22resolved%22%3A%20%22https%3A%2F%2Fregistry.npmjs.org%2Fserve-static%2F-%2Fserve-static-1.13.2.tgz%22%2C%0A%20%20%20%20%20%20%22integrity%22%3A%20%22sha512-p%2FtdJrO4U387R9oMjb1oj7qSMaMfmOyd4j9hOFoxZe2baQszgHcSWjuya%2FCiT5kgZZKRudHNOA0pYXOl8rQ5nw%3D%3D%22%2C%0A%20%20%20%20%20%20%22requires%22%3A%20%7B%0A%20%20%20%20%20%20%20%20%22encodeurl%22%3A%20%22~1.0.2%22%2C%0A%20%20%20%20%20%20%20%20%22escape-html%22%3A%20%22~1.0.3%22%2C%0A%20%20%20%20%20%20%20%20%22parseurl%22%3A%20%22~1.3.2%22%2C%0A%20%20%20%20%20%20%20%20%22send%22%3A%20%220.16.2%22%0A%20%20%20%20%20%20%7D%0A%20%20%20%20%7D%2C%0A%20%20%20%20%22setprototypeof%22%3A%20%7B%0A%20%20%20%20%20%20%22version%22%3A%20%221.1.0%22%2C%0A%20%20%20%20%20%20%22resolved%22%3A%20%22https%3A%2F%2Fregistry.npmjs.org%2Fsetprototypeof%2F-%2Fsetprototypeof-1.1.0.tgz%22%2C%0A%20%20%20%20%20%20%22integrity%22%3A%20%22sha512-BvE%2FTwpZX4FXExxOxZyRGQQv651MSwmWKZGqvmPcRIjDqWub67kTKuIMx43cZZrS%2FcBBzwBcNDWoFxt2XEFIpQ%3D%3D%22%0A%20%20%20%20%7D%2C%0A%20%20%20%20%22statuses%22%3A%20%7B%0A%20%20%20%20%20%20%22version%22%3A%20%221.4.0%22%2C%0A%20%20%20%20%20%20%22resolved%22%3A%20%22https%3A%2F%2Fregistry.npmjs.org%2Fstatuses%2F-%2Fstatuses-1.4.0.tgz%22%2C%0A%20%20%20%20%20%20%22integrity%22%3A%20%22sha512-zhSCtt8v2NDrRlPQpCNtw%2FheZLtfUDqxBM1udqikb%2FHbk52LK4nQSwr10u77iopCW5LsyHpuXS0GnEc48mLeew%3D%3D%22%0A%20%20%20%20%7D%2C%0A%20%20%20%20%22type-is%22%3A%20%7B%0A%20%20%20%20%20%20%22version%22%3A%20%221.6.16%22%2C%0A%20%20%20%20%20%20%22resolved%22%3A%20%22https%3A%2F%2Fregistry.npmjs.org%2Ftype-is%2F-%2Ftype-is-1.6.16.tgz%22%2C%0A%20%20%20%20%20%20%22integrity%22%3A%20%22sha512-HRkVv%2F5qY2G6I8iab9cI7v1bOIdhm94dVjQCPFElW9W%2B3GeDOSHmy2EBYe4VTApuzolPcmgFTN3ftVJRKR2J9Q%3D%3D%22%2C%0A%20%20%20%20%20%20%22requires%22%3A%20%7B%0A%20%20%20%20%20%20%20%20%22media-typer%22%3A%20%220.3.0%22%2C%0A%20%20%20%20%20%20%20%20%22mime-types%22%3A%20%22~2.1.18%22%0A%20%20%20%20%20%20%7D%0A%20%20%20%20%7D%2C%0A%20%20%20%20%22unpipe%22%3A%20%7B%0A%20%20%20%20%20%20%22version%22%3A%20%221.0.0%22%2C%0A%20%20%20%20%20%20%22resolved%22%3A%20%22https%3A%2F%2Fregistry.npmjs.org%2Funpipe%2F-%2Funpipe-1.0.0.tgz%22%2C%0A%20%20%20%20%20%20%22integrity%22%3A%20%22sha1-sr9O6FFKrmFltIF4KdIbLvSZBOw%3D%22%0A%20%20%20%20%7D%2C%0A%20%20%20%20%22utils-merge%22%3A%20%7B%0A%20%20%20%20%20%20%22version%22%3A%20%221.0.1%22%2C%0A%20%20%20%20%20%20%22resolved%22%3A%20%22https%3A%2F%2Fregistry.npmjs.org%2Futils-merge%2F-%2Futils-merge-1.0.1.tgz%22%2C%0A%20%20%20%20%20%20%22integrity%22%3A%20%22sha1-n5VxD1CiZ5R7LMwSR0HBAoQn5xM%3D%22%0A%20%20%20%20%7D%2C%0A%20%20%20%20%22uuid%22%3A%20%7B%0A%20%20%20%20%20%20%22version%22%3A%20%223.3.2%22%2C%0A%20%20%20%20%20%20%22resolved%22%3A%20%22https%3A%2F%2Fregistry.npmjs.org%2Fuuid%2F-%2Fuuid-3.3.2.tgz%22%2C%0A%20%20%20%20%20%20%22integrity%22%3A%20%22sha512-yXJmeNaw3DnnKAOKJE51sL%2FZaYfWJRl1pK9dr19YFCu0ObS231AB1%2FLbqTKRAQ5kw8A90rA6fr4riOUpTZvQZA%3D%3D%22%0A%20%20%20%20%7D%2C%0A%20%20%20%20%22vary%22%3A%20%7B%0A%20%20%20%20%20%20%22version%22%3A%20%221.1.2%22%2C%0A%20%20%20%20%20%20%22resolved%22%3A%20%22https%3A%2F%2Fregistry.npmjs.org%2Fvary%2F-%2Fvary-1.1.2.tgz%22%2C%0A%20%20%20%20%20%20%22integrity%22%3A%20%22sha1-IpnwLG3tMNSllhsLn3RSShj2NPw%3D%22%0A%20%20%20%20%7D%0A%20%20%7D%0A%7D%0A
